// !$*UTF8*$!
{
	archiveVersion = 1;
	classes = {
	};
	objectVersion = 46;
	objects = {

/* Begin PBXBuildFile section */
		1A911B8A25B89B6B0412A724 /* Pods.framework in Frameworks */ = {isa = PBXBuildFile; fileRef = E3C8B0187DEC6F214E7898EB /* Pods.framework */; settings = {ATTRIBUTES = (Weak, ); }; };
		ED1023241B9B7F96000FD05E /* ResourceVC.swift in Sources */ = {isa = PBXBuildFile; fileRef = ED1023231B9B7F96000FD05E /* ResourceVC.swift */; };
		ED1023281B9BA835000FD05E /* EventService.swift in Sources */ = {isa = PBXBuildFile; fileRef = ED1023271B9BA835000FD05E /* EventService.swift */; };
		ED12C4AE1B8FC60E000A1452 /* grades.png in Resources */ = {isa = PBXBuildFile; fileRef = ED12C4A21B8FC60E000A1452 /* grades.png */; };
		ED12C4AF1B8FC60E000A1452 /* grades@2x.png in Resources */ = {isa = PBXBuildFile; fileRef = ED12C4A31B8FC60E000A1452 /* grades@2x.png */; };
		ED12C4B01B8FC60E000A1452 /* grades@3x.png in Resources */ = {isa = PBXBuildFile; fileRef = ED12C4A41B8FC60E000A1452 /* grades@3x.png */; };
		ED12C4B11B8FC60E000A1452 /* home.png in Resources */ = {isa = PBXBuildFile; fileRef = ED12C4A51B8FC60E000A1452 /* home.png */; };
		ED12C4B21B8FC60E000A1452 /* home@2x.png in Resources */ = {isa = PBXBuildFile; fileRef = ED12C4A61B8FC60E000A1452 /* home@2x.png */; };
		ED12C4B31B8FC60E000A1452 /* home@3x.png in Resources */ = {isa = PBXBuildFile; fileRef = ED12C4A71B8FC60E000A1452 /* home@3x.png */; };
		ED12C4B41B8FC60E000A1452 /* news.png in Resources */ = {isa = PBXBuildFile; fileRef = ED12C4A81B8FC60E000A1452 /* news.png */; };
		ED12C4B51B8FC60E000A1452 /* news@2x.png in Resources */ = {isa = PBXBuildFile; fileRef = ED12C4A91B8FC60E000A1452 /* news@2x.png */; };
		ED12C4B61B8FC60E000A1452 /* news@3x.png in Resources */ = {isa = PBXBuildFile; fileRef = ED12C4AA1B8FC60E000A1452 /* news@3x.png */; };
		ED12C4B71B8FC60E000A1452 /* socialMedia.png in Resources */ = {isa = PBXBuildFile; fileRef = ED12C4AB1B8FC60E000A1452 /* socialMedia.png */; };
		ED12C4B81B8FC60E000A1452 /* socialMedia@2x.png in Resources */ = {isa = PBXBuildFile; fileRef = ED12C4AC1B8FC60E000A1452 /* socialMedia@2x.png */; };
		ED12C4B91B8FC60E000A1452 /* socialMedia@3x.png in Resources */ = {isa = PBXBuildFile; fileRef = ED12C4AD1B8FC60E000A1452 /* socialMedia@3x.png */; };
		ED12C4BB1B8FC82D000A1452 /* Announcement.swift in Sources */ = {isa = PBXBuildFile; fileRef = ED12C4BA1B8FC82D000A1452 /* Announcement.swift */; };
		ED12C4BD1B8FC9B9000A1452 /* AnnouncementCell.swift in Sources */ = {isa = PBXBuildFile; fileRef = ED12C4BC1B8FC9B9000A1452 /* AnnouncementCell.swift */; };
		ED12C4C21B8FCE3C000A1452 /* instagramIcon.png in Resources */ = {isa = PBXBuildFile; fileRef = ED12C4C01B8FCE3C000A1452 /* instagramIcon.png */; };
		ED12C4C31B8FCE3C000A1452 /* twitterIcon.png in Resources */ = {isa = PBXBuildFile; fileRef = ED12C4C11B8FCE3C000A1452 /* twitterIcon.png */; };
		ED12C4C51B8FD00A000A1452 /* SocialMediaOptionCell.swift in Sources */ = {isa = PBXBuildFile; fileRef = ED12C4C41B8FD00A000A1452 /* SocialMediaOptionCell.swift */; };
		ED12C4C71B8FD05F000A1452 /* SocialMediaOption.swift in Sources */ = {isa = PBXBuildFile; fileRef = ED12C4C61B8FD05F000A1452 /* SocialMediaOption.swift */; };
		ED12C4C91B8FDC04000A1452 /* SocialMediaView.swift in Sources */ = {isa = PBXBuildFile; fileRef = ED12C4C81B8FDC04000A1452 /* SocialMediaView.swift */; };
		ED23D7F91B98F54400E86E80 /* UserService.swift in Sources */ = {isa = PBXBuildFile; fileRef = ED23D7F81B98F54400E86E80 /* UserService.swift */; };
		ED23D7FB1B98F66900E86E80 /* User.swift in Sources */ = {isa = PBXBuildFile; fileRef = ED23D7FA1B98F66900E86E80 /* User.swift */; };
		ED2850441B8E2308005C748A /* ResourceCell.swift in Sources */ = {isa = PBXBuildFile; fileRef = ED2850431B8E2307005C748A /* ResourceCell.swift */; };
		ED2850461B8E23F2005C748A /* Resource.swift in Sources */ = {isa = PBXBuildFile; fileRef = ED2850451B8E23F2005C748A /* Resource.swift */; };
		ED2850481B8E2848005C748A /* trident.png in Resources */ = {isa = PBXBuildFile; fileRef = ED2850471B8E2848005C748A /* trident.png */; };
		ED465D721B8E329B005F4993 /* Styler.swift in Sources */ = {isa = PBXBuildFile; fileRef = ED465D711B8E329B005F4993 /* Styler.swift */; };
		ED465D741B8E36BD005F4993 /* SocialVC.swift in Sources */ = {isa = PBXBuildFile; fileRef = ED465D731B8E36BD005F4993 /* SocialVC.swift */; };
		ED465D761B8E3726005F4993 /* EventsVC.swift in Sources */ = {isa = PBXBuildFile; fileRef = ED465D751B8E3726005F4993 /* EventsVC.swift */; };
		ED923B591B98F0280072A1AF /* Api.swift in Sources */ = {isa = PBXBuildFile; fileRef = ED923B581B98F0280072A1AF /* Api.swift */; };
		EDA272F91B9CC82900CC59CB /* Event.swift in Sources */ = {isa = PBXBuildFile; fileRef = EDA272F81B9CC82900CC59CB /* Event.swift */; };
		EDA272FB1B9CCC9F00CC59CB /* EventCell.swift in Sources */ = {isa = PBXBuildFile; fileRef = EDA272FA1B9CCC9F00CC59CB /* EventCell.swift */; };
		EDA3622C1B8BAB2500DA66AA /* AppDelegate.swift in Sources */ = {isa = PBXBuildFile; fileRef = EDA3622B1B8BAB2500DA66AA /* AppDelegate.swift */; };
		EDA3622E1B8BAB2500DA66AA /* HomeVC.swift in Sources */ = {isa = PBXBuildFile; fileRef = EDA3622D1B8BAB2500DA66AA /* HomeVC.swift */; };
		EDA362301B8BAB2500DA66AA /* GradesVC.swift in Sources */ = {isa = PBXBuildFile; fileRef = EDA3622F1B8BAB2500DA66AA /* GradesVC.swift */; };
		EDA362331B8BAB2500DA66AA /* Main.storyboard in Resources */ = {isa = PBXBuildFile; fileRef = EDA362311B8BAB2500DA66AA /* Main.storyboard */; };
		EDA362351B8BAB2500DA66AA /* Images.xcassets in Resources */ = {isa = PBXBuildFile; fileRef = EDA362341B8BAB2500DA66AA /* Images.xcassets */; };
		EDA362381B8BAB2500DA66AA /* LaunchScreen.xib in Resources */ = {isa = PBXBuildFile; fileRef = EDA362361B8BAB2500DA66AA /* LaunchScreen.xib */; };
		EDA362441B8BAB2500DA66AA /* CDMHS_AppTests.swift in Sources */ = {isa = PBXBuildFile; fileRef = EDA362431B8BAB2500DA66AA /* CDMHS_AppTests.swift */; };
		EDA3624E1B8BAD3000DA66AA /* welcomeBackground.jpg in Resources */ = {isa = PBXBuildFile; fileRef = EDA3624D1B8BAD3000DA66AA /* welcomeBackground.jpg */; };
		EDA362521B8BADC800DA66AA /* cdmLogo.png in Resources */ = {isa = PBXBuildFile; fileRef = EDA362511B8BADC800DA66AA /* cdmLogo.png */; };
		EDA362541B8BAE3100DA66AA /* welcomeBack.jpg in Resources */ = {isa = PBXBuildFile; fileRef = EDA362531B8BAE3100DA66AA /* welcomeBack.jpg */; };
		EDA362561B8BAFD100DA66AA /* WelcomeVC.swift in Sources */ = {isa = PBXBuildFile; fileRef = EDA362551B8BAFD100DA66AA /* WelcomeVC.swift */; };
/* End PBXBuildFile section */

/* Begin PBXContainerItemProxy section */
		EDA3623E1B8BAB2500DA66AA /* PBXContainerItemProxy */ = {
			isa = PBXContainerItemProxy;
			containerPortal = EDA3621E1B8BAB2500DA66AA /* Project object */;
			proxyType = 1;
			remoteGlobalIDString = EDA362251B8BAB2500DA66AA;
			remoteInfo = "CDMHS-App";
		};
/* End PBXContainerItemProxy section */

/* Begin PBXFileReference section */
		014BFFA2B38F7036F37DF205 /* Pods.release.xcconfig */ = {isa = PBXFileReference; includeInIndex = 1; lastKnownFileType = text.xcconfig; name = Pods.release.xcconfig; path = "Pods/Target Support Files/Pods/Pods.release.xcconfig"; sourceTree = "<group>"; };
		6AB3229E847FF8C33FA2A517 /* Pods.debug.xcconfig */ = {isa = PBXFileReference; includeInIndex = 1; lastKnownFileType = text.xcconfig; name = Pods.debug.xcconfig; path = "Pods/Target Support Files/Pods/Pods.debug.xcconfig"; sourceTree = "<group>"; };
		E3C8B0187DEC6F214E7898EB /* Pods.framework */ = {isa = PBXFileReference; explicitFileType = wrapper.framework; includeInIndex = 0; path = Pods.framework; sourceTree = BUILT_PRODUCTS_DIR; };
		ED1023231B9B7F96000FD05E /* ResourceVC.swift */ = {isa = PBXFileReference; fileEncoding = 4; lastKnownFileType = sourcecode.swift; path = ResourceVC.swift; sourceTree = "<group>"; };
		ED1023271B9BA835000FD05E /* EventService.swift */ = {isa = PBXFileReference; fileEncoding = 4; lastKnownFileType = sourcecode.swift; path = EventService.swift; sourceTree = "<group>"; };
		ED12C4A21B8FC60E000A1452 /* grades.png */ = {isa = PBXFileReference; lastKnownFileType = image.png; path = grades.png; sourceTree = "<group>"; };
		ED12C4A31B8FC60E000A1452 /* grades@2x.png */ = {isa = PBXFileReference; lastKnownFileType = image.png; path = "grades@2x.png"; sourceTree = "<group>"; };
		ED12C4A41B8FC60E000A1452 /* grades@3x.png */ = {isa = PBXFileReference; lastKnownFileType = image.png; path = "grades@3x.png"; sourceTree = "<group>"; };
		ED12C4A51B8FC60E000A1452 /* home.png */ = {isa = PBXFileReference; lastKnownFileType = image.png; path = home.png; sourceTree = "<group>"; };
		ED12C4A61B8FC60E000A1452 /* home@2x.png */ = {isa = PBXFileReference; lastKnownFileType = image.png; path = "home@2x.png"; sourceTree = "<group>"; };
		ED12C4A71B8FC60E000A1452 /* home@3x.png */ = {isa = PBXFileReference; lastKnownFileType = image.png; path = "home@3x.png"; sourceTree = "<group>"; };
		ED12C4A81B8FC60E000A1452 /* news.png */ = {isa = PBXFileReference; lastKnownFileType = image.png; path = news.png; sourceTree = "<group>"; };
		ED12C4A91B8FC60E000A1452 /* news@2x.png */ = {isa = PBXFileReference; lastKnownFileType = image.png; path = "news@2x.png"; sourceTree = "<group>"; };
		ED12C4AA1B8FC60E000A1452 /* news@3x.png */ = {isa = PBXFileReference; lastKnownFileType = image.png; path = "news@3x.png"; sourceTree = "<group>"; };
		ED12C4AB1B8FC60E000A1452 /* socialMedia.png */ = {isa = PBXFileReference; lastKnownFileType = image.png; path = socialMedia.png; sourceTree = "<group>"; };
		ED12C4AC1B8FC60E000A1452 /* socialMedia@2x.png */ = {isa = PBXFileReference; lastKnownFileType = image.png; path = "socialMedia@2x.png"; sourceTree = "<group>"; };
		ED12C4AD1B8FC60E000A1452 /* socialMedia@3x.png */ = {isa = PBXFileReference; lastKnownFileType = image.png; path = "socialMedia@3x.png"; sourceTree = "<group>"; };
		ED12C4BA1B8FC82D000A1452 /* Announcement.swift */ = {isa = PBXFileReference; fileEncoding = 4; lastKnownFileType = sourcecode.swift; path = Announcement.swift; sourceTree = "<group>"; };
		ED12C4BC1B8FC9B9000A1452 /* AnnouncementCell.swift */ = {isa = PBXFileReference; fileEncoding = 4; lastKnownFileType = sourcecode.swift; path = AnnouncementCell.swift; sourceTree = "<group>"; };
		ED12C4C01B8FCE3C000A1452 /* instagramIcon.png */ = {isa = PBXFileReference; lastKnownFileType = image.png; path = instagramIcon.png; sourceTree = "<group>"; };
		ED12C4C11B8FCE3C000A1452 /* twitterIcon.png */ = {isa = PBXFileReference; lastKnownFileType = image.png; path = twitterIcon.png; sourceTree = "<group>"; };
		ED12C4C41B8FD00A000A1452 /* SocialMediaOptionCell.swift */ = {isa = PBXFileReference; fileEncoding = 4; lastKnownFileType = sourcecode.swift; path = SocialMediaOptionCell.swift; sourceTree = "<group>"; };
		ED12C4C61B8FD05F000A1452 /* SocialMediaOption.swift */ = {isa = PBXFileReference; fileEncoding = 4; lastKnownFileType = sourcecode.swift; path = SocialMediaOption.swift; sourceTree = "<group>"; };
		ED12C4C81B8FDC04000A1452 /* SocialMediaView.swift */ = {isa = PBXFileReference; fileEncoding = 4; lastKnownFileType = sourcecode.swift; path = SocialMediaView.swift; sourceTree = "<group>"; };
		ED23D7F81B98F54400E86E80 /* UserService.swift */ = {isa = PBXFileReference; fileEncoding = 4; lastKnownFileType = sourcecode.swift; path = UserService.swift; sourceTree = "<group>"; };
		ED23D7FA1B98F66900E86E80 /* User.swift */ = {isa = PBXFileReference; fileEncoding = 4; lastKnownFileType = sourcecode.swift; path = User.swift; sourceTree = "<group>"; };
		ED2850431B8E2307005C748A /* ResourceCell.swift */ = {isa = PBXFileReference; fileEncoding = 4; lastKnownFileType = sourcecode.swift; path = ResourceCell.swift; sourceTree = "<group>"; };
		ED2850451B8E23F2005C748A /* Resource.swift */ = {isa = PBXFileReference; fileEncoding = 4; lastKnownFileType = sourcecode.swift; path = Resource.swift; sourceTree = "<group>"; };
		ED2850471B8E2848005C748A /* trident.png */ = {isa = PBXFileReference; lastKnownFileType = image.png; path = trident.png; sourceTree = "<group>"; };
		ED465D711B8E329B005F4993 /* Styler.swift */ = {isa = PBXFileReference; fileEncoding = 4; lastKnownFileType = sourcecode.swift; path = Styler.swift; sourceTree = "<group>"; };
		ED465D731B8E36BD005F4993 /* SocialVC.swift */ = {isa = PBXFileReference; fileEncoding = 4; lastKnownFileType = sourcecode.swift; path = SocialVC.swift; sourceTree = "<group>"; };
		ED465D751B8E3726005F4993 /* EventsVC.swift */ = {isa = PBXFileReference; fileEncoding = 4; lastKnownFileType = sourcecode.swift; path = EventsVC.swift; sourceTree = "<group>"; };
		ED923B581B98F0280072A1AF /* Api.swift */ = {isa = PBXFileReference; fileEncoding = 4; lastKnownFileType = sourcecode.swift; path = Api.swift; sourceTree = "<group>"; };
		EDA272F81B9CC82900CC59CB /* Event.swift */ = {isa = PBXFileReference; fileEncoding = 4; lastKnownFileType = sourcecode.swift; path = Event.swift; sourceTree = "<group>"; };
		EDA272FA1B9CCC9F00CC59CB /* EventCell.swift */ = {isa = PBXFileReference; fileEncoding = 4; lastKnownFileType = sourcecode.swift; path = EventCell.swift; sourceTree = "<group>"; };
		EDA362261B8BAB2500DA66AA /* CDMHS-App.app */ = {isa = PBXFileReference; explicitFileType = wrapper.application; includeInIndex = 0; path = "CDMHS-App.app"; sourceTree = BUILT_PRODUCTS_DIR; };
		EDA3622A1B8BAB2500DA66AA /* Info.plist */ = {isa = PBXFileReference; lastKnownFileType = text.plist.xml; path = Info.plist; sourceTree = "<group>"; };
		EDA3622B1B8BAB2500DA66AA /* AppDelegate.swift */ = {isa = PBXFileReference; lastKnownFileType = sourcecode.swift; path = AppDelegate.swift; sourceTree = "<group>"; };
		EDA3622D1B8BAB2500DA66AA /* HomeVC.swift */ = {isa = PBXFileReference; lastKnownFileType = sourcecode.swift; path = HomeVC.swift; sourceTree = "<group>"; };
		EDA3622F1B8BAB2500DA66AA /* GradesVC.swift */ = {isa = PBXFileReference; lastKnownFileType = sourcecode.swift; path = GradesVC.swift; sourceTree = "<group>"; };
		EDA362321B8BAB2500DA66AA /* Base */ = {isa = PBXFileReference; lastKnownFileType = file.storyboard; name = Base; path = Base.lproj/Main.storyboard; sourceTree = "<group>"; };
		EDA362341B8BAB2500DA66AA /* Images.xcassets */ = {isa = PBXFileReference; lastKnownFileType = folder.assetcatalog; path = Images.xcassets; sourceTree = "<group>"; };
		EDA362371B8BAB2500DA66AA /* Base */ = {isa = PBXFileReference; lastKnownFileType = file.xib; name = Base; path = Base.lproj/LaunchScreen.xib; sourceTree = "<group>"; };
		EDA3623D1B8BAB2500DA66AA /* CDMHS-AppTests.xctest */ = {isa = PBXFileReference; explicitFileType = wrapper.cfbundle; includeInIndex = 0; path = "CDMHS-AppTests.xctest"; sourceTree = BUILT_PRODUCTS_DIR; };
		EDA362421B8BAB2500DA66AA /* Info.plist */ = {isa = PBXFileReference; lastKnownFileType = text.plist.xml; path = Info.plist; sourceTree = "<group>"; };
		EDA362431B8BAB2500DA66AA /* CDMHS_AppTests.swift */ = {isa = PBXFileReference; lastKnownFileType = sourcecode.swift; path = CDMHS_AppTests.swift; sourceTree = "<group>"; };
		EDA3624D1B8BAD3000DA66AA /* welcomeBackground.jpg */ = {isa = PBXFileReference; lastKnownFileType = image.jpeg; path = welcomeBackground.jpg; sourceTree = "<group>"; };
		EDA362511B8BADC800DA66AA /* cdmLogo.png */ = {isa = PBXFileReference; lastKnownFileType = image.png; path = cdmLogo.png; sourceTree = "<group>"; };
		EDA362531B8BAE3100DA66AA /* welcomeBack.jpg */ = {isa = PBXFileReference; lastKnownFileType = image.jpeg; path = welcomeBack.jpg; sourceTree = "<group>"; };
		EDA362551B8BAFD100DA66AA /* WelcomeVC.swift */ = {isa = PBXFileReference; fileEncoding = 4; lastKnownFileType = sourcecode.swift; path = WelcomeVC.swift; sourceTree = "<group>"; };
/* End PBXFileReference section */

/* Begin PBXFrameworksBuildPhase section */
		EDA362231B8BAB2500DA66AA /* Frameworks */ = {
			isa = PBXFrameworksBuildPhase;
			buildActionMask = 2147483647;
			files = (
				1A911B8A25B89B6B0412A724 /* Pods.framework in Frameworks */,
			);
			runOnlyForDeploymentPostprocessing = 0;
		};
		EDA3623A1B8BAB2500DA66AA /* Frameworks */ = {
			isa = PBXFrameworksBuildPhase;
			buildActionMask = 2147483647;
			files = (
			);
			runOnlyForDeploymentPostprocessing = 0;
		};
/* End PBXFrameworksBuildPhase section */

/* Begin PBXGroup section */
		A2243922C842F6CEB3B68DCC /* Frameworks */ = {
			isa = PBXGroup;
			children = (
				E3C8B0187DEC6F214E7898EB /* Pods.framework */,
			);
			name = Frameworks;
			sourceTree = "<group>";
		};
		AE86DABFB30E9115B64240FE /* Pods */ = {
			isa = PBXGroup;
			children = (
				6AB3229E847FF8C33FA2A517 /* Pods.debug.xcconfig */,
				014BFFA2B38F7036F37DF205 /* Pods.release.xcconfig */,
			);
			name = Pods;
			sourceTree = "<group>";
		};
		ED12C4A11B8FC5F0000A1452 /* Tab Bar Icons */ = {
			isa = PBXGroup;
			children = (
				ED12C4C01B8FCE3C000A1452 /* instagramIcon.png */,
				ED12C4C11B8FCE3C000A1452 /* twitterIcon.png */,
				ED12C4A21B8FC60E000A1452 /* grades.png */,
				ED12C4A31B8FC60E000A1452 /* grades@2x.png */,
				ED12C4A41B8FC60E000A1452 /* grades@3x.png */,
				ED12C4A51B8FC60E000A1452 /* home.png */,
				ED12C4A61B8FC60E000A1452 /* home@2x.png */,
				ED12C4A71B8FC60E000A1452 /* home@3x.png */,
				ED12C4A81B8FC60E000A1452 /* news.png */,
				ED12C4A91B8FC60E000A1452 /* news@2x.png */,
				ED12C4AA1B8FC60E000A1452 /* news@3x.png */,
				ED12C4AB1B8FC60E000A1452 /* socialMedia.png */,
				ED12C4AC1B8FC60E000A1452 /* socialMedia@2x.png */,
				ED12C4AD1B8FC60E000A1452 /* socialMedia@3x.png */,
			);
			name = "Tab Bar Icons";
			sourceTree = "<group>";
		};
		ED923B5A1B98F0640072A1AF /* Service Layer */ = {
			isa = PBXGroup;
			children = (
				ED923B581B98F0280072A1AF /* Api.swift */,
				ED23D7F81B98F54400E86E80 /* UserService.swift */,
				ED1023271B9BA835000FD05E /* EventService.swift */,
			);
			name = "Service Layer";
			sourceTree = "<group>";
		};
		ED923B5B1B98F0800072A1AF /* ViewControllers */ = {
			isa = PBXGroup;
			children = (
				EDA3622D1B8BAB2500DA66AA /* HomeVC.swift */,
				ED12C4BA1B8FC82D000A1452 /* Announcement.swift */,
				EDA3622F1B8BAB2500DA66AA /* GradesVC.swift */,
				ED465D731B8E36BD005F4993 /* SocialVC.swift */,
				ED465D751B8E3726005F4993 /* EventsVC.swift */,
				EDA362551B8BAFD100DA66AA /* WelcomeVC.swift */,
				ED1023231B9B7F96000FD05E /* ResourceVC.swift */,
			);
			name = ViewControllers;
			sourceTree = "<group>";
		};
		ED923B5C1B98F0B60072A1AF /* UI */ = {
			isa = PBXGroup;
			children = (
				EDA362311B8BAB2500DA66AA /* Main.storyboard */,
				ED12C4C41B8FD00A000A1452 /* SocialMediaOptionCell.swift */,
				ED2850431B8E2307005C748A /* ResourceCell.swift */,
				ED465D711B8E329B005F4993 /* Styler.swift */,
				ED12C4C81B8FDC04000A1452 /* SocialMediaView.swift */,
				ED12C4BC1B8FC9B9000A1452 /* AnnouncementCell.swift */,
				EDA272FA1B9CCC9F00CC59CB /* EventCell.swift */,
				EDA362361B8BAB2500DA66AA /* LaunchScreen.xib */,
				EDA362341B8BAB2500DA66AA /* Images.xcassets */,
			);
			name = UI;
			sourceTree = "<group>";
		};
		ED923B5E1B98F0D90072A1AF /* Models */ = {
			isa = PBXGroup;
			children = (
				ED2850451B8E23F2005C748A /* Resource.swift */,
				ED12C4C61B8FD05F000A1452 /* SocialMediaOption.swift */,
				ED23D7FA1B98F66900E86E80 /* User.swift */,
				EDA272F81B9CC82900CC59CB /* Event.swift */,
			);
			name = Models;
			sourceTree = "<group>";
		};
		EDA3621D1B8BAB2500DA66AA = {
			isa = PBXGroup;
			children = (
				EDA362281B8BAB2500DA66AA /* CDMHS-App */,
				EDA362401B8BAB2500DA66AA /* CDMHS-AppTests */,
				EDA362271B8BAB2500DA66AA /* Products */,
				AE86DABFB30E9115B64240FE /* Pods */,
				A2243922C842F6CEB3B68DCC /* Frameworks */,
			);
			sourceTree = "<group>";
		};
		EDA362271B8BAB2500DA66AA /* Products */ = {
			isa = PBXGroup;
			children = (
				EDA362261B8BAB2500DA66AA /* CDMHS-App.app */,
				EDA3623D1B8BAB2500DA66AA /* CDMHS-AppTests.xctest */,
			);
			name = Products;
			sourceTree = "<group>";
		};
		EDA362281B8BAB2500DA66AA /* CDMHS-App */ = {
			isa = PBXGroup;
			children = (
				EDA3622B1B8BAB2500DA66AA /* AppDelegate.swift */,
				ED923B5E1B98F0D90072A1AF /* Models */,
				ED923B5B1B98F0800072A1AF /* ViewControllers */,
				ED923B5A1B98F0640072A1AF /* Service Layer */,
				ED923B5C1B98F0B60072A1AF /* UI */,
				EDA362291B8BAB2500DA66AA /* Supporting Files */,
			);
			path = "CDMHS-App";
			sourceTree = "<group>";
		};
		EDA362291B8BAB2500DA66AA /* Supporting Files */ = {
			isa = PBXGroup;
			children = (
				ED12C4A11B8FC5F0000A1452 /* Tab Bar Icons */,
				EDA3624D1B8BAD3000DA66AA /* welcomeBackground.jpg */,
				EDA362531B8BAE3100DA66AA /* welcomeBack.jpg */,
				EDA362511B8BADC800DA66AA /* cdmLogo.png */,
				ED2850471B8E2848005C748A /* trident.png */,
				EDA3622A1B8BAB2500DA66AA /* Info.plist */,
			);
			name = "Supporting Files";
			sourceTree = "<group>";
		};
		EDA362401B8BAB2500DA66AA /* CDMHS-AppTests */ = {
			isa = PBXGroup;
			children = (
				EDA362431B8BAB2500DA66AA /* CDMHS_AppTests.swift */,
				EDA362411B8BAB2500DA66AA /* Supporting Files */,
			);
			path = "CDMHS-AppTests";
			sourceTree = "<group>";
		};
		EDA362411B8BAB2500DA66AA /* Supporting Files */ = {
			isa = PBXGroup;
			children = (
				EDA362421B8BAB2500DA66AA /* Info.plist */,
			);
			name = "Supporting Files";
			sourceTree = "<group>";
		};
/* End PBXGroup section */

/* Begin PBXNativeTarget section */
		EDA362251B8BAB2500DA66AA /* CDMHS-App */ = {
			isa = PBXNativeTarget;
			buildConfigurationList = EDA362471B8BAB2500DA66AA /* Build configuration list for PBXNativeTarget "CDMHS-App" */;
			buildPhases = (
				63911670C83971D61E7D5901 /* Check Pods Manifest.lock */,
				EDA362221B8BAB2500DA66AA /* Sources */,
				EDA362231B8BAB2500DA66AA /* Frameworks */,
				EDA362241B8BAB2500DA66AA /* Resources */,
				715C6ABB90957CB1743FCC37 /* Embed Pods Frameworks */,
				BF918293F3EC698E227C7367 /* Copy Pods Resources */,
			);
			buildRules = (
			);
			dependencies = (
			);
			name = "CDMHS-App";
			productName = "CDMHS-App";
			productReference = EDA362261B8BAB2500DA66AA /* CDMHS-App.app */;
			productType = "com.apple.product-type.application";
		};
		EDA3623C1B8BAB2500DA66AA /* CDMHS-AppTests */ = {
			isa = PBXNativeTarget;
			buildConfigurationList = EDA3624A1B8BAB2500DA66AA /* Build configuration list for PBXNativeTarget "CDMHS-AppTests" */;
			buildPhases = (
				EDA362391B8BAB2500DA66AA /* Sources */,
				EDA3623A1B8BAB2500DA66AA /* Frameworks */,
				EDA3623B1B8BAB2500DA66AA /* Resources */,
			);
			buildRules = (
			);
			dependencies = (
				EDA3623F1B8BAB2500DA66AA /* PBXTargetDependency */,
			);
			name = "CDMHS-AppTests";
			productName = "CDMHS-AppTests";
			productReference = EDA3623D1B8BAB2500DA66AA /* CDMHS-AppTests.xctest */;
			productType = "com.apple.product-type.bundle.unit-test";
		};
/* End PBXNativeTarget section */

/* Begin PBXProject section */
		EDA3621E1B8BAB2500DA66AA /* Project object */ = {
			isa = PBXProject;
			attributes = {
				LastUpgradeCheck = 0640;
				ORGANIZATIONNAME = "Yep Technologies";
				TargetAttributes = {
					EDA362251B8BAB2500DA66AA = {
						CreatedOnToolsVersion = 6.4;
					};
					EDA3623C1B8BAB2500DA66AA = {
						CreatedOnToolsVersion = 6.4;
						TestTargetID = EDA362251B8BAB2500DA66AA;
					};
				};
			};
			buildConfigurationList = EDA362211B8BAB2500DA66AA /* Build configuration list for PBXProject "CDMHS-App" */;
			compatibilityVersion = "Xcode 3.2";
			developmentRegion = English;
			hasScannedForEncodings = 0;
			knownRegions = (
				en,
				Base,
			);
			mainGroup = EDA3621D1B8BAB2500DA66AA;
			productRefGroup = EDA362271B8BAB2500DA66AA /* Products */;
			projectDirPath = "";
			projectRoot = "";
			targets = (
				EDA362251B8BAB2500DA66AA /* CDMHS-App */,
				EDA3623C1B8BAB2500DA66AA /* CDMHS-AppTests */,
			);
		};
/* End PBXProject section */

/* Begin PBXResourcesBuildPhase section */
		EDA362241B8BAB2500DA66AA /* Resources */ = {
			isa = PBXResourcesBuildPhase;
			buildActionMask = 2147483647;
			files = (
				ED2850481B8E2848005C748A /* trident.png in Resources */,
				EDA3624E1B8BAD3000DA66AA /* welcomeBackground.jpg in Resources */,
				ED12C4C21B8FCE3C000A1452 /* instagramIcon.png in Resources */,
				ED12C4B11B8FC60E000A1452 /* home.png in Resources */,
				EDA362331B8BAB2500DA66AA /* Main.storyboard in Resources */,
				ED12C4B41B8FC60E000A1452 /* news.png in Resources */,
				ED12C4AE1B8FC60E000A1452 /* grades.png in Resources */,
				ED12C4B91B8FC60E000A1452 /* socialMedia@3x.png in Resources */,
				ED12C4B71B8FC60E000A1452 /* socialMedia.png in Resources */,
				ED12C4B61B8FC60E000A1452 /* news@3x.png in Resources */,
				ED12C4B81B8FC60E000A1452 /* socialMedia@2x.png in Resources */,
				ED12C4B21B8FC60E000A1452 /* home@2x.png in Resources */,
				ED12C4AF1B8FC60E000A1452 /* grades@2x.png in Resources */,
				EDA362521B8BADC800DA66AA /* cdmLogo.png in Resources */,
				EDA362381B8BAB2500DA66AA /* LaunchScreen.xib in Resources */,
				EDA362351B8BAB2500DA66AA /* Images.xcassets in Resources */,
				ED12C4B51B8FC60E000A1452 /* news@2x.png in Resources */,
				ED12C4B31B8FC60E000A1452 /* home@3x.png in Resources */,
				EDA362541B8BAE3100DA66AA /* welcomeBack.jpg in Resources */,
				ED12C4C31B8FCE3C000A1452 /* twitterIcon.png in Resources */,
				ED12C4B01B8FC60E000A1452 /* grades@3x.png in Resources */,
			);
			runOnlyForDeploymentPostprocessing = 0;
		};
		EDA3623B1B8BAB2500DA66AA /* Resources */ = {
			isa = PBXResourcesBuildPhase;
			buildActionMask = 2147483647;
			files = (
			);
			runOnlyForDeploymentPostprocessing = 0;
		};
/* End PBXResourcesBuildPhase section */

/* Begin PBXShellScriptBuildPhase section */
		63911670C83971D61E7D5901 /* Check Pods Manifest.lock */ = {
			isa = PBXShellScriptBuildPhase;
			buildActionMask = 2147483647;
			files = (
			);
			inputPaths = (
			);
			name = "Check Pods Manifest.lock";
			outputPaths = (
			);
			runOnlyForDeploymentPostprocessing = 0;
			shellPath = /bin/sh;
			shellScript = "diff \"${PODS_ROOT}/../Podfile.lock\" \"${PODS_ROOT}/Manifest.lock\" > /dev/null\nif [[ $? != 0 ]] ; then\n    cat << EOM\nerror: The sandbox is not in sync with the Podfile.lock. Run 'pod install' or update your CocoaPods installation.\nEOM\n    exit 1\nfi\n";
			showEnvVarsInLog = 0;
		};
		715C6ABB90957CB1743FCC37 /* Embed Pods Frameworks */ = {
			isa = PBXShellScriptBuildPhase;
			buildActionMask = 2147483647;
			files = (
			);
			inputPaths = (
			);
			name = "Embed Pods Frameworks";
			outputPaths = (
			);
			runOnlyForDeploymentPostprocessing = 0;
			shellPath = /bin/sh;
			shellScript = "\"${SRCROOT}/Pods/Target Support Files/Pods/Pods-frameworks.sh\"\n";
			showEnvVarsInLog = 0;
		};
		BF918293F3EC698E227C7367 /* Copy Pods Resources */ = {
			isa = PBXShellScriptBuildPhase;
			buildActionMask = 2147483647;
			files = (
			);
			inputPaths = (
			);
			name = "Copy Pods Resources";
			outputPaths = (
			);
			runOnlyForDeploymentPostprocessing = 0;
			shellPath = /bin/sh;
			shellScript = "\"${SRCROOT}/Pods/Target Support Files/Pods/Pods-resources.sh\"\n";
			showEnvVarsInLog = 0;
		};
/* End PBXShellScriptBuildPhase section */

/* Begin PBXSourcesBuildPhase section */
		EDA362221B8BAB2500DA66AA /* Sources */ = {
			isa = PBXSourcesBuildPhase;
			buildActionMask = 2147483647;
			files = (
				ED12C4C91B8FDC04000A1452 /* SocialMediaView.swift in Sources */,
				ED12C4BD1B8FC9B9000A1452 /* AnnouncementCell.swift in Sources */,
				ED2850441B8E2308005C748A /* ResourceCell.swift in Sources */,
				ED923B591B98F0280072A1AF /* Api.swift in Sources */,
				EDA272F91B9CC82900CC59CB /* Event.swift in Sources */,
				EDA362301B8BAB2500DA66AA /* GradesVC.swift in Sources */,
				EDA3622C1B8BAB2500DA66AA /* AppDelegate.swift in Sources */,
				ED465D721B8E329B005F4993 /* Styler.swift in Sources */,
				ED23D7FB1B98F66900E86E80 /* User.swift in Sources */,
				ED2850461B8E23F2005C748A /* Resource.swift in Sources */,
				ED465D741B8E36BD005F4993 /* SocialVC.swift in Sources */,
				EDA3622E1B8BAB2500DA66AA /* HomeVC.swift in Sources */,
				EDA362561B8BAFD100DA66AA /* WelcomeVC.swift in Sources */,
				EDA272FB1B9CCC9F00CC59CB /* EventCell.swift in Sources */,
				ED1023241B9B7F96000FD05E /* ResourceVC.swift in Sources */,
				ED12C4C51B8FD00A000A1452 /* SocialMediaOptionCell.swift in Sources */,
				ED23D7F91B98F54400E86E80 /* UserService.swift in Sources */,
				ED1023281B9BA835000FD05E /* EventService.swift in Sources */,
				ED12C4BB1B8FC82D000A1452 /* Announcement.swift in Sources */,
				ED12C4C71B8FD05F000A1452 /* SocialMediaOption.swift in Sources */,
				ED465D761B8E3726005F4993 /* EventsVC.swift in Sources */,
			);
			runOnlyForDeploymentPostprocessing = 0;
		};
		EDA362391B8BAB2500DA66AA /* Sources */ = {
			isa = PBXSourcesBuildPhase;
			buildActionMask = 2147483647;
			files = (
				EDA362441B8BAB2500DA66AA /* CDMHS_AppTests.swift in Sources */,
			);
			runOnlyForDeploymentPostprocessing = 0;
		};
/* End PBXSourcesBuildPhase section */

/* Begin PBXTargetDependency section */
		EDA3623F1B8BAB2500DA66AA /* PBXTargetDependency */ = {
			isa = PBXTargetDependency;
			target = EDA362251B8BAB2500DA66AA /* CDMHS-App */;
			targetProxy = EDA3623E1B8BAB2500DA66AA /* PBXContainerItemProxy */;
		};
/* End PBXTargetDependency section */

/* Begin PBXVariantGroup section */
		EDA362311B8BAB2500DA66AA /* Main.storyboard */ = {
			isa = PBXVariantGroup;
			children = (
				EDA362321B8BAB2500DA66AA /* Base */,
			);
			name = Main.storyboard;
			sourceTree = "<group>";
		};
		EDA362361B8BAB2500DA66AA /* LaunchScreen.xib */ = {
			isa = PBXVariantGroup;
			children = (
				EDA362371B8BAB2500DA66AA /* Base */,
			);
			name = LaunchScreen.xib;
			sourceTree = "<group>";
		};
/* End PBXVariantGroup section */

/* Begin XCBuildConfiguration section */
		EDA362451B8BAB2500DA66AA /* Debug */ = {
			isa = XCBuildConfiguration;
			buildSettings = {
				ALWAYS_SEARCH_USER_PATHS = NO;
				CLANG_CXX_LANGUAGE_STANDARD = "gnu++0x";
				CLANG_CXX_LIBRARY = "libc++";
				CLANG_ENABLE_MODULES = YES;
				CLANG_ENABLE_OBJC_ARC = YES;
				CLANG_WARN_BOOL_CONVERSION = YES;
				CLANG_WARN_CONSTANT_CONVERSION = YES;
				CLANG_WARN_DIRECT_OBJC_ISA_USAGE = YES_ERROR;
				CLANG_WARN_EMPTY_BODY = YES;
				CLANG_WARN_ENUM_CONVERSION = YES;
				CLANG_WARN_INT_CONVERSION = YES;
				CLANG_WARN_OBJC_ROOT_CLASS = YES_ERROR;
				CLANG_WARN_UNREACHABLE_CODE = YES;
				CLANG_WARN__DUPLICATE_METHOD_MATCH = YES;
				"CODE_SIGN_IDENTITY[sdk=iphoneos*]" = "iPhone Developer";
				COPY_PHASE_STRIP = NO;
				DEBUG_INFORMATION_FORMAT = "dwarf-with-dsym";
				ENABLE_STRICT_OBJC_MSGSEND = YES;
				GCC_C_LANGUAGE_STANDARD = gnu99;
				GCC_DYNAMIC_NO_PIC = NO;
				GCC_NO_COMMON_BLOCKS = YES;
				GCC_OPTIMIZATION_LEVEL = 0;
				GCC_PREPROCESSOR_DEFINITIONS = (
					"DEBUG=1",
					"$(inherited)",
				);
				GCC_SYMBOLS_PRIVATE_EXTERN = NO;
				GCC_WARN_64_TO_32_BIT_CONVERSION = YES;
				GCC_WARN_ABOUT_RETURN_TYPE = YES_ERROR;
				GCC_WARN_UNDECLARED_SELECTOR = YES;
				GCC_WARN_UNINITIALIZED_AUTOS = YES_AGGRESSIVE;
				GCC_WARN_UNUSED_FUNCTION = YES;
				GCC_WARN_UNUSED_VARIABLE = YES;
				IPHONEOS_DEPLOYMENT_TARGET = 8.4;
				MTL_ENABLE_DEBUG_INFO = YES;
				ONLY_ACTIVE_ARCH = YES;
				SDKROOT = iphoneos;
				SWIFT_OPTIMIZATION_LEVEL = "-Onone";
			};
			name = Debug;
		};
		EDA362461B8BAB2500DA66AA /* Release */ = {
			isa = XCBuildConfiguration;
			buildSettings = {
				ALWAYS_SEARCH_USER_PATHS = NO;
				CLANG_CXX_LANGUAGE_STANDARD = "gnu++0x";
				CLANG_CXX_LIBRARY = "libc++";
				CLANG_ENABLE_MODULES = YES;
				CLANG_ENABLE_OBJC_ARC = YES;
				CLANG_WARN_BOOL_CONVERSION = YES;
				CLANG_WARN_CONSTANT_CONVERSION = YES;
				CLANG_WARN_DIRECT_OBJC_ISA_USAGE = YES_ERROR;
				CLANG_WARN_EMPTY_BODY = YES;
				CLANG_WARN_ENUM_CONVERSION = YES;
				CLANG_WARN_INT_CONVERSION = YES;
				CLANG_WARN_OBJC_ROOT_CLASS = YES_ERROR;
				CLANG_WARN_UNREACHABLE_CODE = YES;
				CLANG_WARN__DUPLICATE_METHOD_MATCH = YES;
				"CODE_SIGN_IDENTITY[sdk=iphoneos*]" = "iPhone Developer";
				COPY_PHASE_STRIP = NO;
				DEBUG_INFORMATION_FORMAT = "dwarf-with-dsym";
				ENABLE_NS_ASSERTIONS = NO;
				ENABLE_STRICT_OBJC_MSGSEND = YES;
				GCC_C_LANGUAGE_STANDARD = gnu99;
				GCC_NO_COMMON_BLOCKS = YES;
				GCC_WARN_64_TO_32_BIT_CONVERSION = YES;
				GCC_WARN_ABOUT_RETURN_TYPE = YES_ERROR;
				GCC_WARN_UNDECLARED_SELECTOR = YES;
				GCC_WARN_UNINITIALIZED_AUTOS = YES_AGGRESSIVE;
				GCC_WARN_UNUSED_FUNCTION = YES;
				GCC_WARN_UNUSED_VARIABLE = YES;
				IPHONEOS_DEPLOYMENT_TARGET = 8.4;
				MTL_ENABLE_DEBUG_INFO = NO;
				SDKROOT = iphoneos;
				VALIDATE_PRODUCT = YES;
			};
			name = Release;
		};
		EDA362481B8BAB2500DA66AA /* Debug */ = {
			isa = XCBuildConfiguration;
			baseConfigurationReference = 6AB3229E847FF8C33FA2A517 /* Pods.debug.xcconfig */;
			buildSettings = {
				ASSETCATALOG_COMPILER_APPICON_NAME = AppIcon;
				INFOPLIST_FILE = "CDMHS-App/Info.plist";
				LD_RUNPATH_SEARCH_PATHS = "$(inherited) @executable_path/Frameworks";
				PRODUCT_NAME = "$(TARGET_NAME)";
			};
			name = Debug;
		};
		EDA362491B8BAB2500DA66AA /* Release */ = {
			isa = XCBuildConfiguration;
			baseConfigurationReference = 014BFFA2B38F7036F37DF205 /* Pods.release.xcconfig */;
			buildSettings = {
				ASSETCATALOG_COMPILER_APPICON_NAME = AppIcon;
				INFOPLIST_FILE = "CDMHS-App/Info.plist";
				LD_RUNPATH_SEARCH_PATHS = "$(inherited) @executable_path/Frameworks";
				PRODUCT_NAME = "$(TARGET_NAME)";
			};
			name = Release;
		};
		EDA3624B1B8BAB2500DA66AA /* Debug */ = {
			isa = XCBuildConfiguration;
			buildSettings = {
				BUNDLE_LOADER = "$(TEST_HOST)";
				FRAMEWORK_SEARCH_PATHS = (
					"$(SDKROOT)/Developer/Library/Frameworks",
					"$(inherited)",
				);
				GCC_PREPROCESSOR_DEFINITIONS = (
					"DEBUG=1",
					"$(inherited)",
				);
				INFOPLIST_FILE = "CDMHS-AppTests/Info.plist";
				LD_RUNPATH_SEARCH_PATHS = "$(inherited) @executable_path/Frameworks @loader_path/Frameworks";
				PRODUCT_NAME = "$(TARGET_NAME)";
				TEST_HOST = "$(BUILT_PRODUCTS_DIR)/CDMHS-App.app/CDMHS-App";
			};
			name = Debug;
		};
		EDA3624C1B8BAB2500DA66AA /* Release */ = {
			isa = XCBuildConfiguration;
			buildSettings = {
				BUNDLE_LOADER = "$(TEST_HOST)";
				FRAMEWORK_SEARCH_PATHS = (
					"$(SDKROOT)/Developer/Library/Frameworks",
					"$(inherited)",
				);
				INFOPLIST_FILE = "CDMHS-AppTests/Info.plist";
				LD_RUNPATH_SEARCH_PATHS = "$(inherited) @executable_path/Frameworks @loader_path/Frameworks";
				PRODUCT_NAME = "$(TARGET_NAME)";
				TEST_HOST = "$(BUILT_PRODUCTS_DIR)/CDMHS-App.app/CDMHS-App";
			};
			name = Release;
		};
/* End XCBuildConfiguration section */

/* Begin XCConfigurationList section */
		EDA362211B8BAB2500DA66AA /* Build configuration list for PBXProject "CDMHS-App" */ = {
			isa = XCConfigurationList;
			buildConfigurations = (
				EDA362451B8BAB2500DA66AA /* Debug */,
				EDA362461B8BAB2500DA66AA /* Release */,
			);
			defaultConfigurationIsVisible = 0;
			defaultConfigurationName = Release;
		};
		EDA362471B8BAB2500DA66AA /* Build configuration list for PBXNativeTarget "CDMHS-App" */ = {
			isa = XCConfigurationList;
			buildConfigurations = (
				EDA362481B8BAB2500DA66AA /* Debug */,
				EDA362491B8BAB2500DA66AA /* Release */,
			);
			defaultConfigurationIsVisible = 0;
			defaultConfigurationName = Release;
		};
		EDA3624A1B8BAB2500DA66AA /* Build configuration list for PBXNativeTarget "CDMHS-AppTests" */ = {
			isa = XCConfigurationList;
			buildConfigurations = (
				EDA3624B1B8BAB2500DA66AA /* Debug */,
				EDA3624C1B8BAB2500DA66AA /* Release */,
			);
			defaultConfigurationIsVisible = 0;
			defaultConfigurationName = Release;
		};
/* End XCConfigurationList section */
	};
	rootObject = EDA3621E1B8BAB2500DA66AA /* Project object */;
}
